// !$*UTF8*$!
{
	archiveVersion = 1;
	classes = {
	};
	objectVersion = 110;
	objects = {

/* Begin PBXContainerItemProxy section */
		C0E795DC306960F6007D2C9C /* PBXContainerItemProxy */ = {
			isa = PBXContainerItemProxy;
			containerPortal = C0E795C6306960F4007D2C9C /* Project object */;
			proxyType = 1;
			remoteGlobalIDString = C0E795CD306960F4007D2C9C;
			remoteInfo = "Library Commander";
		};
		C0E795E6306960F6007D2C9C /* PBXContainerItemProxy */ = {
			isa = PBXContainerItemProxy;
			containerPortal = C0E795C6306960F4007D2C9C /* Project object */;
			proxyType = 1;
			remoteGlobalIDString = C0E795CD306960F4007D2C9C;
			remoteInfo = "Library Commander";
		};
/* End PBXContainerItemProxy section */

/* Begin PBXFileReference section */
		C0E795CE306960F4007D2C9C /* Library Commander.app */ = {isa = PBXFileReference; explicitFileType = wrapper.application; includeInIndex = 0; path = "Library Commander.app"; sourceTree = BUILT_PRODUCTS_DIR; };
		C0E795DB306960F6007D2C9C /* Library CommanderTests.xctest */ = {isa = PBXFileReference; explicitFileType = wrapper.cfbundle; includeInIndex = 0; path = "Library CommanderTests.xctest"; sourceTree = BUILT_PRODUCTS_DIR; };
		C0E795E5306960F6007D2C9C /* Library CommanderUITests.xctest */ = {isa = PBXFileReference; explicitFileType = wrapper.cfbundle; includeInIndex = 0; path = "Library CommanderUITests.xctest"; sourceTree = BUILT_PRODUCTS_DIR; };
/* End PBXFileReference section */

/* Begin PBXFileSystemSynchronizedRootGroup section */
		C0E795D0306960F4007D2C9C /* Library Commander */ = {
			isa = PBXFileSystemSynchronizedRootGroup;
			path = "Library Commander";
			sourceTree = "<group>";
		};
		C0E795DE306960F6007D2C9C /* Library CommanderTests */ = {
			isa = PBXFileSystemSynchronizedRootGroup;
			path = "Library CommanderTests";
			sourceTree = "<group>";
		};
		C0E795E8306960F6007D2C9C /* Library CommanderUITests */ = {
			isa = PBXFileSystemSynchronizedRootGroup;
			path = "Library CommanderUITests";
			sourceTree = "<group>";
		};
/* End PBXFileSystemSynchronizedRootGroup section */

/* Begin PBXFrameworksBuildPhase section */
		C0E795CB306960F4007D2C9C /* Frameworks */ = {
			isa = PBXFrameworksBuildPhase;
			files = (
			);
		};
		C0E795D8306960F6007D2C9C /* Frameworks */ = {
			isa = PBXFrameworksBuildPhase;
			files = (
			);
		};
		C0E795E2306960F6007D2C9C /* Frameworks */ = {
			isa = PBXFrameworksBuildPhase;
			files = (
			);
		};
/* End PBXFrameworksBuildPhase section */

/* Begin PBXGroup section */
		C0E795C5306960F4007D2C9C = {
			isa = PBXGroup;
			children = (
				C0E795D0306960F4007D2C9C /* Library Commander */,
				C0E795DE306960F6007D2C9C /* Library CommanderTests */,
				C0E795E8306960F6007D2C9C /* Library CommanderUITests */,
				C0E795CF306960F4007D2C9C /* Products */,
			);
			sourceTree = "<group>";
		};
		C0E795CF306960F4007D2C9C /* Products */ = {
			isa = PBXGroup;
			children = (
				C0E795CE306960F4007D2C9C /* Library Commander.app */,
				C0E795DB306960F6007D2C9C /* Library CommanderTests.xctest */,
				C0E795E5306960F6007D2C9C /* Library CommanderUITests.xctest */,
			);
			name = Products;
			sourceTree = "<group>";
		};
/* End PBXGroup section */

/* Begin PBXNativeTarget section */
		C0E795CD306960F4007D2C9C /* Library Commander */ = {
			isa = PBXNativeTarget;
			buildConfigurationList = C0E795ED306960F6007D2C9C /* Build configuration list for PBXNativeTarget "Library Commander" */;
			buildPhases = (
				C0E795CA306960F4007D2C9C /* Sources */,
				C0E795CB306960F4007D2C9C /* Frameworks */,
				C0E795CC306960F4007D2C9C /* Resources */,
			);
			buildRules = (
			);
			fileSystemSynchronizedGroups = (
				C0E795D0306960F4007D2C9C /* Library Commander */,
			);
			name = "Library Commander";
			productName = "Library Commander";
			productReference = C0E795CE306960F4007D2C9C /* Library Commander.app */;
			productType = "com.apple.product-type.application";
		};
		C0E795DA306960F6007D2C9C /* Library CommanderTests */ = {
			isa = PBXNativeTarget;
			buildConfigurationList = C0E795F0306960F6007D2C9C /* Build configuration list for PBXNativeTarget "Library CommanderTests" */;
			buildPhases = (
				C0E795D7306960F6007D2C9C /* Sources */,
				C0E795D8306960F6007D2C9C /* Frameworks */,
				C0E795D9306960F6007D2C9C /* Resources */,
			);
			buildRules = (
			);
			dependencies = (
				C0E795DD306960F6007D2C9C /* PBXTargetDependency */,
			);
			fileSystemSynchronizedGroups = (
				C0E795DE306960F6007D2C9C /* Library CommanderTests */,
			);
			name = "Library CommanderTests";
			productName = "Library CommanderTests";
			productReference = C0E795DB306960F6007D2C9C /* Library CommanderTests.xctest */;
			productType = "com.apple.product-type.bundle.unit-test";
		};
		C0E795E4306960F6007D2C9C /* Library CommanderUITests */ = {
			isa = PBXNativeTarget;
			buildConfigurationList = C0E795F3306960F6007D2C9C /* Build configuration list for PBXNativeTarget "Library CommanderUITests" */;
			buildPhases = (
				C0E795E1306960F6007D2C9C /* Sources */,
				C0E795E2306960F6007D2C9C /* Frameworks */,
				C0E795E3306960F6007D2C9C /* Resources */,
			);
			buildRules = (
			);
			dependencies = (
				C0E795E7306960F6007D2C9C /* PBXTargetDependency */,
			);
			fileSystemSynchronizedGroups = (
				C0E795E8306960F6007D2C9C /* Library CommanderUITests */,
			);
			name = "Library CommanderUITests";
			productName = "Library CommanderUITests";
			productReference = C0E795E5306960F6007D2C9C /* Library CommanderUITests.xctest */;
			productType = "com.apple.product-type.bundle.ui-testing";
		};
/* End PBXNativeTarget section */

/* Begin PBXProject section */
		C0E795C6306960F4007D2C9C /* Project object */ = {
			isa = PBXProject;
			attributes = {
				BuildIndependentTargetsInParallel = 1;
				LastSwiftUpdateCheck = 2700;
				LastUpgradeCheck = 2700;
				TargetAttributes = {
					C0E795CD306960F4007D2C9C = {
						CreatedOnToolsVersion = 27.0;
					};
					C0E795DA306960F6007D2C9C = {
						CreatedOnToolsVersion = 27.0;
						TestTargetID = C0E795CD306960F4007D2C9C;
					};
					C0E795E4306960F6007D2C9C = {
						CreatedOnToolsVersion = 27.0;
						TestTargetID = C0E795CD306960F4007D2C9C;
					};
				};
			};
			buildConfigurationList = C0E795C9306960F4007D2C9C /* Build configuration list for PBXProject "Library Commander" */;
			developmentRegion = en;
			hasScannedForEncodings = 0;
			knownRegions = (
				en,
				Base,
			);
			mainGroup = C0E795C5306960F4007D2C9C;
			minimizedProjectReferenceProxies = 1;
			preferredProjectObjectVersion = 77;
			productRefGroup = C0E795CF306960F4007D2C9C /* Products */;
			projectDirPath = "";
			projectRoot = "";
			targets = (
				C0E795CD306960F4007D2C9C /* Library Commander */,
				C0E795DA306960F6007D2C9C /* Library CommanderTests */,
				C0E795E4306960F6007D2C9C /* Library CommanderUITests */,
			);
		};
/* End PBXProject section */

/* Begin PBXResourcesBuildPhase section */
		C0E795CC306960F4007D2C9C /* Resources */ = {
			isa = PBXResourcesBuildPhase;
			files = (
			);
		};
		C0E795D9306960F6007D2C9C /* Resources */ = {
			isa = PBXResourcesBuildPhase;
			files = (
			);
		};
		C0E795E3306960F6007D2C9C /* Resources */ = {
			isa = PBXResourcesBuildPhase;
			files = (
			);
		};
/* End PBXResourcesBuildPhase section */

/* Begin PBXSourcesBuildPhase section */
		C0E795CA306960F4007D2C9C /* Sources */ = {
			isa = PBXSourcesBuildPhase;
			files = (
			);
		};
		C0E795D7306960F6007D2C9C /* Sources */ = {
			isa = PBXSourcesBuildPhase;
			files = (
			);
		};
		C0E795E1306960F6007D2C9C /* Sources */ = {
			isa = PBXSourcesBuildPhase;
			files = (
			);
		};
/* End PBXSourcesBuildPhase section */

/* Begin PBXTargetDependency section */
		C0E795DD306960F6007D2C9C /* PBXTargetDependency */ = {
			isa = PBXTargetDependency;
			target = C0E795CD306960F4007D2C9C /* Library Commander */;
			targetProxy = C0E795DC306960F6007D2C9C /* PBXContainerItemProxy */;
		};
		C0E795E7306960F6007D2C9C /* PBXTargetDependency */ = {
			isa = PBXTargetDependency;
			target = C0E795CD306960F4007D2C9C /* Library Commander */;
			targetProxy = C0E795E6306960F6007D2C9C /* PBXContainerItemProxy */;
		};
/* End PBXTargetDependency section */

/* Begin XCBuildConfiguration section */
		C0E795EB306960F6007D2C9C /* Debug configuration for PBXProject "Library Commander" */ = {
			isa = XCBuildConfiguration;
			buildSettings = {
				ALWAYS_SEARCH_USER_PATHS = NO;
				ASSETCATALOG_COMPILER_GENERATE_SWIFT_ASSET_SYMBOL_EXTENSIONS = YES;
				CLANG_ANALYZER_NONNULL = YES;
				CLANG_ANALYZER_NUMBER_OBJECT_CONVERSION = YES_AGGRESSIVE;
				CLANG_CXX_LANGUAGE_STANDARD = "gnu++20";
				CLANG_ENABLE_MODULES = YES;
				CLANG_ENABLE_OBJC_ARC = YES;
				CLANG_ENABLE_OBJC_WEAK = YES;
				CLANG_WARN_BLOCK_CAPTURE_AUTORELEASING = YES;
				CLANG_WARN_BOOL_CONVERSION = YES;
				CLANG_WARN_COMMA = YES;
				CLANG_WARN_CONSTANT_CONVERSION = YES;
				CLANG_WARN_DEPRECATED_OBJC_IMPLEMENTATIONS = YES;
				CLANG_WARN_DIRECT_OBJC_ISA_USAGE = YES_ERROR;
				CLANG_WARN_DOCUMENTATION_COMMENTS = YES;
				CLANG_WARN_EMPTY_BODY = YES;
				CLANG_WARN_ENUM_CONVERSION = YES;
				CLANG_WARN_INFINITE_RECURSION = YES;
				CLANG_WARN_INT_CONVERSION = YES;
				CLANG_WARN_NON_LITERAL_NULL_CONVERSION = YES;
				CLANG_WARN_OBJC_IMPLICIT_RETAIN_SELF = YES;
				CLANG_WARN_OBJC_LITERAL_CONVERSION = YES;
				CLANG_WARN_OBJC_ROOT_CLASS = YES_ERROR;
				CLANG_WARN_QUOTED_INCLUDE_IN_FRAMEWORK_HEADER = YES;
				CLANG_WARN_RANGE_LOOP_ANALYSIS = YES;
				CLANG_WARN_STRICT_PROTOTYPES = YES;
				CLANG_WARN_SUSPICIOUS_MOVE = YES;
				CLANG_WARN_UNGUARDED_AVAILABILITY = YES_AGGRESSIVE;
				CLANG_WARN_UNREACHABLE_CODE = YES;
				CLANG_WARN__DUPLICATE_METHOD_MATCH = YES;
				COPY_PHASE_STRIP = NO;
				DEBUG_INFORMATION_FORMAT = dwarf;
				DEVELOPMENT_TEAM = 3X3F6UJ44H;
				ENABLE_STRICT_OBJC_MSGSEND = YES;
				ENABLE_TESTABILITY = YES;
				ENABLE_USER_SCRIPT_SANDBOXING = YES;
				GCC_C_LANGUAGE_STANDARD = gnu17;
				GCC_DYNAMIC_NO_PIC = NO;
				GCC_NO_COMMON_BLOCKS = YES;
				GCC_OPTIMIZATION_LEVEL = 0;
				GCC_PREPROCESSOR_DEFINITIONS = (
					"DEBUG=1",
					"$(inherited)",
				);
				GCC_WARN_64_TO_32_BIT_CONVERSION = YES;
				GCC_WARN_ABOUT_RETURN_TYPE = YES_ERROR;
				GCC_WARN_UNDECLARED_SELECTOR = YES;
				GCC_WARN_UNINITIALIZED_AUTOS = YES_AGGRESSIVE;
				GCC_WARN_UNUSED_FUNCTION = YES;
				GCC_WARN_UNUSED_VARIABLE = YES;
				LOCALIZATION_PREFERS_STRING_CATALOGS = YES;
				MACOSX_DEPLOYMENT_TARGET = 15.6;
				MTL_ENABLE_DEBUG_INFO = INCLUDE_SOURCE;
				MTL_FAST_MATH = YES;
				ONLY_ACTIVE_ARCH = YES;
				SDKROOT = macosx;
				SWIFT_ACTIVE_COMPILATION_CONDITIONS = "DEBUG $(inherited)";
				SWIFT_OPTIMIZATION_LEVEL = "-Onone";
			};
			name = Debug;
		};
		C0E795EC306960F6007D2C9C /* Release configuration for PBXProject "Library Commander" */ = {
			isa = XCBuildConfiguration;
			buildSettings = {
				ALWAYS_SEARCH_USER_PATHS = NO;
				ASSETCATALOG_COMPILER_GENERATE_SWIFT_ASSET_SYMBOL_EXTENSIONS = YES;
				CLANG_ANALYZER_NONNULL = YES;
				CLANG_ANALYZER_NUMBER_OBJECT_CONVERSION = YES_AGGRESSIVE;
				CLANG_CXX_LANGUAGE_STANDARD = "gnu++20";
				CLANG_ENABLE_MODULES = YES;
				CLANG_ENABLE_OBJC_ARC = YES;
				CLANG_ENABLE_OBJC_WEAK = YES;
				CLANG_WARN_BLOCK_CAPTURE_AUTORELEASING = YES;
				CLANG_WARN_BOOL_CONVERSION = YES;
				CLANG_WARN_COMMA = YES;
				CLANG_WARN_CONSTANT_CONVERSION = YES;
				CLANG_WARN_DEPRECATED_OBJC_IMPLEMENTATIONS = YES;
				CLANG_WARN_DIRECT_OBJC_ISA_USAGE = YES_ERROR;
				CLANG_WARN_DOCUMENTATION_COMMENTS = YES;
				CLANG_WARN_EMPTY_BODY = YES;
				CLANG_WARN_ENUM_CONVERSION = YES;
				CLANG_WARN_INFINITE_RECURSION = YES;
				CLANG_WARN_INT_CONVERSION = YES;
				CLANG_WARN_NON_LITERAL_NULL_CONVERSION = YES;
				CLANG_WARN_OBJC_IMPLICIT_RETAIN_SELF = YES;
				CLANG_WARN_OBJC_LITERAL_CONVERSION = YES;
				CLANG_WARN_OBJC_ROOT_CLASS = YES_ERROR;
				CLANG_WARN_QUOTED_INCLUDE_IN_FRAMEWORK_HEADER = YES;
				CLANG_WARN_RANGE_LOOP_ANALYSIS = YES;
				CLANG_WARN_STRICT_PROTOTYPES = YES;
				CLANG_WARN_SUSPICIOUS_MOVE = YES;
				CLANG_WARN_UNGUARDED_AVAILABILITY = YES_AGGRESSIVE;
				CLANG_WARN_UNREACHABLE_CODE = YES;
				CLANG_WARN__DUPLICATE_METHOD_MATCH = YES;
				COPY_PHASE_STRIP = NO;
				DEBUG_INFORMATION_FORMAT = "dwarf-with-dsym";
				DEVELOPMENT_TEAM = 3X3F6UJ44H;
				ENABLE_NS_ASSERTIONS = NO;
				ENABLE_STRICT_OBJC_MSGSEND = YES;
				ENABLE_USER_SCRIPT_SANDBOXING = YES;
				GCC_C_LANGUAGE_STANDARD = gnu17;
				GCC_NO_COMMON_BLOCKS = YES;
				GCC_WARN_64_TO_32_BIT_CONVERSION = YES;
				GCC_WARN_ABOUT_RETURN_TYPE = YES_ERROR;
				GCC_WARN_UNDECLARED_SELECTOR = YES;
				GCC_WARN_UNINITIALIZED_AUTOS = YES_AGGRESSIVE;
				GCC_WARN_UNUSED_FUNCTION = YES;
				GCC_WARN_UNUSED_VARIABLE = YES;
				LOCALIZATION_PREFERS_STRING_CATALOGS = YES;
				MACOSX_DEPLOYMENT_TARGET = 15.6;
				MTL_ENABLE_DEBUG_INFO = NO;
				MTL_FAST_MATH = YES;
				SDKROOT = macosx;
				SWIFT_COMPILATION_MODE = wholemodule;
			};
			name = Release;
		};
		C0E795EE306960F6007D2C9C /* Debug configuration for PBXNativeTarget "Library Commander" */ = {
			isa = XCBuildConfiguration;
			buildSettings = {
				ASSETCATALOG_COMPILER_APPICON_NAME = "Library Commander";
				ASSETCATALOG_COMPILER_GLOBAL_ACCENT_COLOR_NAME = AccentColor;
				CODE_SIGN_STYLE = Automatic;
				COMBINE_HIDPI_IMAGES = YES;
				CURRENT_PROJECT_VERSION = 61;
				DEVELOPMENT_TEAM = 3X3F6UJ44H;
				ENABLE_APP_SANDBOX = YES;
				ENABLE_FILE_ACCESS_DOWNLOADS_FOLDER = readonly;
				ENABLE_FILE_ACCESS_MOVIES_FOLDER = readwrite;
				ENABLE_FILE_ACCESS_MUSIC_FOLDER = readwrite;
				ENABLE_HARDENED_RUNTIME = YES;
				ENABLE_INCOMING_NETWORK_CONNECTIONS = NO;
				ENABLE_OUTGOING_NETWORK_CONNECTIONS = NO;
				ENABLE_PREVIEWS = YES;
				ENABLE_RESOURCE_ACCESS_AUDIO_INPUT = NO;
				ENABLE_RESOURCE_ACCESS_BLUETOOTH = NO;
				ENABLE_RESOURCE_ACCESS_CALENDARS = NO;
				ENABLE_RESOURCE_ACCESS_CAMERA = NO;
				ENABLE_RESOURCE_ACCESS_CONTACTS = NO;
				ENABLE_RESOURCE_ACCESS_LOCATION = NO;
				ENABLE_RESOURCE_ACCESS_PRINTING = NO;
				ENABLE_RESOURCE_ACCESS_USB = NO;
				ENABLE_USER_SELECTED_FILES = readwrite;
				GENERATE_INFOPLIST_FILE = YES;
				INFOPLIST_KEY_NSHumanReadableCopyright = "";
				LD_RUNPATH_SEARCH_PATHS = (
					"$(inherited)",
					"@executable_path/../Frameworks",
				);
				MACOSX_DEPLOYMENT_TARGET = 15.6;
				MARKETING_VERSION = 1.0;
				PRODUCT_BUNDLE_IDENTIFIER = "com.fluharty.Library-Commander";
				PRODUCT_NAME = "$(TARGET_NAME)";
				REGISTER_APP_GROUPS = YES;
				STRING_CATALOG_GENERATE_SYMBOLS = YES;
				SWIFT_APPROACHABLE_CONCURRENCY = YES;
				SWIFT_DEFAULT_ACTOR_ISOLATION = MainActor;
				SWIFT_EMIT_LOC_STRINGS = YES;
				SWIFT_UPCOMING_FEATURE_MEMBER_IMPORT_VISIBILITY = YES;
				SWIFT_VERSION = 5.0;
			};
			name = Debug;
		};
		C0E795EF306960F6007D2C9C /* Release configuration for PBXNativeTarget "Library Commander" */ = {
			isa = XCBuildConfiguration;
			buildSettings = {
				ASSETCATALOG_COMPILER_APPICON_NAME = "Library Commander";
				ASSETCATALOG_COMPILER_GLOBAL_ACCENT_COLOR_NAME = AccentColor;
				CODE_SIGN_STYLE = Automatic;
				COMBINE_HIDPI_IMAGES = YES;
				CURRENT_PROJECT_VERSION = 61;
				DEVELOPMENT_TEAM = 3X3F6UJ44H;
				ENABLE_APP_SANDBOX = YES;
				ENABLE_FILE_ACCESS_DOWNLOADS_FOLDER = readonly;
				ENABLE_FILE_ACCESS_MOVIES_FOLDER = readwrite;
				ENABLE_FILE_ACCESS_MUSIC_FOLDER = readwrite;
				ENABLE_HARDENED_RUNTIME = YES;
				ENABLE_INCOMING_NETWORK_CONNECTIONS = NO;
				ENABLE_OUTGOING_NETWORK_CONNECTIONS = NO;
				ENABLE_PREVIEWS = YES;
				ENABLE_RESOURCE_ACCESS_AUDIO_INPUT = NO;
				ENABLE_RESOURCE_ACCESS_BLUETOOTH = NO;
				ENABLE_RESOURCE_ACCESS_CALENDARS = NO;
				ENABLE_RESOURCE_ACCESS_CAMERA = NO;
				ENABLE_RESOURCE_ACCESS_CONTACTS = NO;
				ENABLE_RESOURCE_ACCESS_LOCATION = NO;
				ENABLE_RESOURCE_ACCESS_PRINTING = NO;
				ENABLE_RESOURCE_ACCESS_USB = NO;
				ENABLE_USER_SELECTED_FILES = readwrite;
				GENERATE_INFOPLIST_FILE = YES;
				INFOPLIST_KEY_NSHumanReadableCopyright = "";
				LD_RUNPATH_SEARCH_PATHS = (
					"$(inherited)",
					"@executable_path/../Frameworks",
				);
				MACOSX_DEPLOYMENT_TARGET = 15.6;
				MARKETING_VERSION = 1.0;
				PRODUCT_BUNDLE_IDENTIFIER = "com.fluharty.Library-Commander";
				PRODUCT_NAME = "$(TARGET_NAME)";
				REGISTER_APP_GROUPS = YES;
				STRING_CATALOG_GENERATE_SYMBOLS = YES;
				SWIFT_APPROACHABLE_CONCURRENCY = YES;
				SWIFT_DEFAULT_ACTOR_ISOLATION = MainActor;
				SWIFT_EMIT_LOC_STRINGS = YES;
				SWIFT_UPCOMING_FEATURE_MEMBER_IMPORT_VISIBILITY = YES;
				SWIFT_VERSION = 5.0;
			};
			name = Release;
		};
		C0E795F1306960F6007D2C9C /* Debug configuration for PBXNativeTarget "Library CommanderTests" */ = {
			isa = XCBuildConfiguration;
			buildSettings = {
				BUNDLE_LOADER = "$(TEST_HOST)";
				CODE_SIGN_STYLE = Automatic;
				CURRENT_PROJECT_VERSION = 61;
				DEVELOPMENT_TEAM = 3X3F6UJ44H;
				GENERATE_INFOPLIST_FILE = YES;
				MACOSX_DEPLOYMENT_TARGET = 15.6;
				MARKETING_VERSION = 1.0;
				PRODUCT_BUNDLE_IDENTIFIER = "com.fluharty.Library-CommanderTests";
				PRODUCT_NAME = "$(TARGET_NAME)";
				STRING_CATALOG_GENERATE_SYMBOLS = NO;
				SWIFT_APPROACHABLE_CONCURRENCY = YES;
				SWIFT_EMIT_LOC_STRINGS = NO;
				SWIFT_UPCOMING_FEATURE_MEMBER_IMPORT_VISIBILITY = YES;
				SWIFT_VERSION = 5.0;
				TEST_HOST = "$(BUILT_PRODUCTS_DIR)/Library Commander.app/$(BUNDLE_EXECUTABLE_FOLDER_PATH)/Library Commander";
			};
			name = Debug;
		};
		C0E795F2306960F6007D2C9C /* Release configuration for PBXNativeTarget "Library CommanderTests" */ = {
			isa = XCBuildConfiguration;
			buildSettings = {
				BUNDLE_LOADER = "$(TEST_HOST)";
				CODE_SIGN_STYLE = Automatic;
				CURRENT_PROJECT_VERSION = 61;
				DEVELOPMENT_TEAM = 3X3F6UJ44H;
				GENERATE_INFOPLIST_FILE = YES;
				MACOSX_DEPLOYMENT_TARGET = 15.6;
				MARKETING_VERSION = 1.0;
				PRODUCT_BUNDLE_IDENTIFIER = "com.fluharty.Library-CommanderTests";
				PRODUCT_NAME = "$(TARGET_NAME)";
				STRING_CATALOG_GENERATE_SYMBOLS = NO;
				SWIFT_APPROACHABLE_CONCURRENCY = YES;
				SWIFT_EMIT_LOC_STRINGS = NO;
				SWIFT_UPCOMING_FEATURE_MEMBER_IMPORT_VISIBILITY = YES;
				SWIFT_VERSION = 5.0;
				TEST_HOST = "$(BUILT_PRODUCTS_DIR)/Library Commander.app/$(BUNDLE_EXECUTABLE_FOLDER_PATH)/Library Commander";
			};
			name = Release;
		};
		C0E795F4306960F6007D2C9C /* Debug configuration for PBXNativeTarget "Library CommanderUITests" */ = {
			isa = XCBuildConfiguration;
			buildSettings = {
				CODE_SIGN_STYLE = Automatic;
				CURRENT_PROJECT_VERSION = 61;
				DEVELOPMENT_TEAM = 3X3F6UJ44H;
				GENERATE_INFOPLIST_FILE = YES;
				MARKETING_VERSION = 1.0;
				PRODUCT_BUNDLE_IDENTIFIER = "com.fluharty.Library-CommanderUITests";
				PRODUCT_NAME = "$(TARGET_NAME)";
				STRING_CATALOG_GENERATE_SYMBOLS = NO;
				SWIFT_APPROACHABLE_CONCURRENCY = YES;
				SWIFT_EMIT_LOC_STRINGS = NO;
				SWIFT_UPCOMING_FEATURE_MEMBER_IMPORT_VISIBILITY = YES;
				SWIFT_VERSION = 5.0;
				TEST_TARGET_NAME = "Library Commander";
			};
			name = Debug;
		};
		C0E795F5306960F6007D2C9C /* Release configuration for PBXNativeTarget "Library CommanderUITests" */ = {
			isa = XCBuildConfiguration;
			buildSettings = {
				CODE_SIGN_STYLE = Automatic;
				CURRENT_PROJECT_VERSION = 61;
				DEVELOPMENT_TEAM = 3X3F6UJ44H;
				GENERATE_INFOPLIST_FILE = YES;
				MARKETING_VERSION = 1.0;
				PRODUCT_BUNDLE_IDENTIFIER = "com.fluharty.Library-CommanderUITests";
				PRODUCT_NAME = "$(TARGET_NAME)";
				STRING_CATALOG_GENERATE_SYMBOLS = NO;
				SWIFT_APPROACHABLE_CONCURRENCY = YES;
				SWIFT_EMIT_LOC_STRINGS = NO;
				SWIFT_UPCOMING_FEATURE_MEMBER_IMPORT_VISIBILITY = YES;
				SWIFT_VERSION = 5.0;
				TEST_TARGET_NAME = "Library Commander";
			};
			name = Release;
		};
/* End XCBuildConfiguration section */

/* Begin XCConfigurationList section */
		C0E795C9306960F4007D2C9C /* Build configuration list for PBXProject "Library Commander" */ = {
			isa = XCConfigurationList;
			buildConfigurations = (
				C0E795EB306960F6007D2C9C /* Debug configuration for PBXProject "Library Commander" */,
				C0E795EC306960F6007D2C9C /* Release configuration for PBXProject "Library Commander" */,
			);
			defaultConfigurationName = Release;
		};
		C0E795ED306960F6007D2C9C /* Build configuration list for PBXNativeTarget "Library Commander" */ = {
			isa = XCConfigurationList;
			buildConfigurations = (
				C0E795EE306960F6007D2C9C /* Debug configuration for PBXNativeTarget "Library Commander" */,
				C0E795EF306960F6007D2C9C /* Release configuration for PBXNativeTarget "Library Commander" */,
			);
			defaultConfigurationName = Release;
		};
		C0E795F0306960F6007D2C9C /* Build configuration list for PBXNativeTarget "Library CommanderTests" */ = {
			isa = XCConfigurationList;
			buildConfigurations = (
				C0E795F1306960F6007D2C9C /* Debug configuration for PBXNativeTarget "Library CommanderTests" */,
				C0E795F2306960F6007D2C9C /* Release configuration for PBXNativeTarget "Library CommanderTests" */,
			);
			defaultConfigurationName = Release;
		};
		C0E795F3306960F6007D2C9C /* Build configuration list for PBXNativeTarget "Library CommanderUITests" */ = {
			isa = XCConfigurationList;
			buildConfigurations = (
				C0E795F4306960F6007D2C9C /* Debug configuration for PBXNativeTarget "Library CommanderUITests" */,
				C0E795F5306960F6007D2C9C /* Release configuration for PBXNativeTarget "Library CommanderUITests" */,
			);
			defaultConfigurationName = Release;
		};
/* End XCConfigurationList section */
	};
	rootObject = C0E795C6306960F4007D2C9C /* Project object */;
	validationLevel = 1;
}
